PODS:
  - Alamofire (4.9.1)
  - BSImagePicker (3.3.1)
  - FMDB/SQLCipher (2.7.5):
    - SQLCipher
  - FSCalendar (2.8.2)
  - JTAppleCalendar (7.1.8)
  - SideMenu (6.5.0)
  - SQLCipher (4.5.0):
    - SQLCipher/standard (= 4.5.0)
  - SQLCipher/common (4.5.0)
  - SQLCipher/standard (4.5.0):
    - SQLCipher/common
  - SVProgressHUD (2.2.5)

DEPENDENCIES:
  - Alamofire (~> 4.5)
  - BSImagePicker (~> 3.1)
  - FMDB/SQLCipher
  - FSCalendar
  - JTAppleCalendar (~> 7.0)
  - SideMenu (~> 6.0)
  - SVProgressHUD

SPEC REPOS:
  trunk:
    - Alamofire
    - BSImagePicker
    - FMDB
    - FSCalendar
    - JTAppleCalendar
    - SideMenu
    - SQLCipher
    - SVProgressHUD

SPEC CHECKSUMS:
  Alamofire: 85e8a02c69d6020a0d734f6054870d7ecb75cf18
  BSImagePicker: 0fe04b574d4d6b81093785d2af6c26227efc8428
  FMDB: 2ce00b547f966261cd18927a3ddb07cb6f3db82a
  FSCalendar: e6a2eb9c571bf0719ed797ef807e08426753c241
  JTAppleCalendar: b7fb40852f5f319fe55c8ec3861f1de0edc99cc8
  SideMenu: f583187d21c5b1dd04c72002be544b555a2627a2
  SQLCipher: 98dc22f27c0b1790d39e710d440f22a466ebdb59
  SVProgressHUD: 1428aafac632c1f86f62aa4243ec12008d7a51d6

PODFILE CHECKSUM: 32e0c64dab099b192e3c213d14fbda66793cb0ba

COCOAPODS: 1.11.2
