// !$*UTF8*$!
{
	archiveVersion = 1;
	classes = {
	};
	objectVersion = 55;
	objects = {

/* Begin PBXBuildFile section */
		1FBAEC668586F9229F127A8C /* Pods_pagetest.framework in Frameworks */ = {isa = PBXBuildFile; fileRef = 9C6DDD24CE0D142E4B198B82 /* Pods_pagetest.framework */; };
		390B6890285FDB2D009F6D50 /* SceneDelegate.swift in Sources */ = {isa = PBXBuildFile; fileRef = 390B688F285FDB2D009F6D50 /* SceneDelegate.swift */; };
		390F85E5280FC9BF00E6FD30 /* rePairListTableViewCell.swift in Sources */ = {isa = PBXBuildFile; fileRef = 390F85E3280FC9BF00E6FD30 /* rePairListTableViewCell.swift */; };
		390F85E6280FC9BF00E6FD30 /* rePairListTableViewCell.xib in Resources */ = {isa = PBXBuildFile; fileRef = 390F85E4280FC9BF00E6FD30 /* rePairListTableViewCell.xib */; };
		391DBF5027FE713100FAC250 /* CollectionViewCellModel.swift in Sources */ = {isa = PBXBuildFile; fileRef = 391DBF4F27FE713100FAC250 /* CollectionViewCellModel.swift */; };
		3921F3D727D6FC9700495259 /* repairTableViewCell.swift in Sources */ = {isa = PBXBuildFile; fileRef = 3921F3D527D6FC9700495259 /* repairTableViewCell.swift */; };
		3921F3D827D6FC9700495259 /* repairTableViewCell.xib in Resources */ = {isa = PBXBuildFile; fileRef = 3921F3D627D6FC9700495259 /* repairTableViewCell.xib */; };
		393B7C2327EC57E400A13C6A /* repairlocateTableViewCell.swift in Sources */ = {isa = PBXBuildFile; fileRef = 393B7C2127EC57E400A13C6A /* repairlocateTableViewCell.swift */; };
		393B7C2427EC57E400A13C6A /* repairlocateTableViewCell.xib in Resources */ = {isa = PBXBuildFile; fileRef = 393B7C2227EC57E400A13C6A /* repairlocateTableViewCell.xib */; };
		394DDC382807A036004F56B3 /* OilMonthTotalTableViewCell.swift in Sources */ = {isa = PBXBuildFile; fileRef = 394DDC362807A036004F56B3 /* OilMonthTotalTableViewCell.swift */; };
		394DDC392807A036004F56B3 /* OilMonthTotalTableViewCell.xib in Resources */ = {isa = PBXBuildFile; fileRef = 394DDC372807A036004F56B3 /* OilMonthTotalTableViewCell.xib */; };
		3952411527FD4AE000E3D6DC /* CalendarsViewController.swift in Sources */ = {isa = PBXBuildFile; fileRef = 3952411427FD4AE000E3D6DC /* CalendarsViewController.swift */; };
		398561CA27F6B162007A4745 /* ImageCollectionViewCell.swift in Sources */ = {isa = PBXBuildFile; fileRef = 398561C827F6B162007A4745 /* ImageCollectionViewCell.swift */; };
		398561CB27F6B162007A4745 /* ImageCollectionViewCell.xib in Resources */ = {isa = PBXBuildFile; fileRef = 398561C927F6B162007A4745 /* ImageCollectionViewCell.xib */; };
		398561CD27F6B609007A4745 /* TableViewCellModel.swift in Sources */ = {isa = PBXBuildFile; fileRef = 398561CC27F6B609007A4745 /* TableViewCellModel.swift */; };
		3986B37A27EAAE8700591148 /* RepairSelfTableViewCell.swift in Sources */ = {isa = PBXBuildFile; fileRef = 3986B37827EAAE8700591148 /* RepairSelfTableViewCell.swift */; };
		3986B37B27EAAE8700591148 /* RepairSelfTableViewCell.xib in Resources */ = {isa = PBXBuildFile; fileRef = 3986B37927EAAE8700591148 /* RepairSelfTableViewCell.xib */; };
		3986B37D27EAB81500591148 /* RepairViewController.swift in Sources */ = {isa = PBXBuildFile; fileRef = 3986B37C27EAB81500591148 /* RepairViewController.swift */; };
		3987678628069B1A00262FD5 /* TotalViewController.swift in Sources */ = {isa = PBXBuildFile; fileRef = 3987678528069B1A00262FD5 /* TotalViewController.swift */; };
		398767892806B95300262FD5 /* TotalTableViewCell.swift in Sources */ = {isa = PBXBuildFile; fileRef = 398767872806B95300262FD5 /* TotalTableViewCell.swift */; };
		3987678A2806B95300262FD5 /* TotalTableViewCell.xib in Resources */ = {isa = PBXBuildFile; fileRef = 398767882806B95300262FD5 /* TotalTableViewCell.xib */; };
		3988AE3A27D5C99F00DC82EC /* AppDelegate.swift in Sources */ = {isa = PBXBuildFile; fileRef = 3988AE3927D5C99F00DC82EC /* AppDelegate.swift */; };
		3988AE3E27D5C99F00DC82EC /* CarBudgetViewController.swift in Sources */ = {isa = PBXBuildFile; fileRef = 3988AE3D27D5C99F00DC82EC /* CarBudgetViewController.swift */; };
		3988AE4127D5C99F00DC82EC /* Main.storyboard in Resources */ = {isa = PBXBuildFile; fileRef = 3988AE3F27D5C99F00DC82EC /* Main.storyboard */; };
		3988AE4327D5C9A000DC82EC /* Assets.xcassets in Resources */ = {isa = PBXBuildFile; fileRef = 3988AE4227D5C9A000DC82EC /* Assets.xcassets */; };
		3988AE4627D5C9A000DC82EC /* LaunchScreen.storyboard in Resources */ = {isa = PBXBuildFile; fileRef = 3988AE4427D5C9A000DC82EC /* LaunchScreen.storyboard */; };
		39B048BC27E852D700C2E86E /* RepairAddTableViewCell.swift in Sources */ = {isa = PBXBuildFile; fileRef = 39B048BA27E852D700C2E86E /* RepairAddTableViewCell.swift */; };
		39B048BD27E852D700C2E86E /* RepairAddTableViewCell.xib in Resources */ = {isa = PBXBuildFile; fileRef = 39B048BB27E852D700C2E86E /* RepairAddTableViewCell.xib */; };
		39B92E6B27FD6BA600BAE1D1 /* CalendarCell.swift in Sources */ = {isa = PBXBuildFile; fileRef = 39B92E6A27FD6BA600BAE1D1 /* CalendarCell.swift */; };
		39BD212E27F2F8B200EFAD29 /* OilEditsViewController.swift in Sources */ = {isa = PBXBuildFile; fileRef = 39BD212D27F2F8B100EFAD29 /* OilEditsViewController.swift */; };
		39D63DBF27F14F7900FCC34E /* repairsTableViewCell.swift in Sources */ = {isa = PBXBuildFile; fileRef = 39D63DBD27F14F7900FCC34E /* repairsTableViewCell.swift */; };
		39D63DC027F14F7900FCC34E /* repairsTableViewCell.xib in Resources */ = {isa = PBXBuildFile; fileRef = 39D63DBE27F14F7900FCC34E /* repairsTableViewCell.xib */; };
		39D7F747284F31750099B07F /* SearchViewController.swift in Sources */ = {isa = PBXBuildFile; fileRef = 39D7F746284F31750099B07F /* SearchViewController.swift */; };
		39EAE2BD280E9BEC001ADA46 /* repairItemsTableViewCell.swift in Sources */ = {isa = PBXBuildFile; fileRef = 39EAE2BB280E9BEC001ADA46 /* repairItemsTableViewCell.swift */; };
		39EB0B06280FE72C00EB9B5C /* Manager_DB.swift in Sources */ = {isa = PBXBuildFile; fileRef = 39EB0B05280FE72C00EB9B5C /* Manager_DB.swift */; };
		39EB0B08280FF1B100EB9B5C /* CARBOOK_DAO.swift in Sources */ = {isa = PBXBuildFile; fileRef = 39EB0B07280FF1B100EB9B5C /* CARBOOK_DAO.swift */; };
/* End PBXBuildFile section */

/* Begin PBXFileReference section */
		390B688F285FDB2D009F6D50 /* SceneDelegate.swift */ = {isa = PBXFileReference; fileEncoding = 4; lastKnownFileType = sourcecode.swift; path = SceneDelegate.swift; sourceTree = "<group>"; };
		390F85E3280FC9BF00E6FD30 /* rePairListTableViewCell.swift */ = {isa = PBXFileReference; lastKnownFileType = sourcecode.swift; path = rePairListTableViewCell.swift; sourceTree = "<group>"; };
		390F85E4280FC9BF00E6FD30 /* rePairListTableViewCell.xib */ = {isa = PBXFileReference; lastKnownFileType = file.xib; path = rePairListTableViewCell.xib; sourceTree = "<group>"; };
		391DBF4F27FE713100FAC250 /* CollectionViewCellModel.swift */ = {isa = PBXFileReference; fileEncoding = 4; lastKnownFileType = sourcecode.swift; path = CollectionViewCellModel.swift; sourceTree = "<group>"; };
		3921F3D527D6FC9700495259 /* repairTableViewCell.swift */ = {isa = PBXFileReference; lastKnownFileType = sourcecode.swift; path = repairTableViewCell.swift; sourceTree = "<group>"; };
		3921F3D627D6FC9700495259 /* repairTableViewCell.xib */ = {isa = PBXFileReference; lastKnownFileType = file.xib; path = repairTableViewCell.xib; sourceTree = "<group>"; };
		393B7C2127EC57E400A13C6A /* repairlocateTableViewCell.swift */ = {isa = PBXFileReference; lastKnownFileType = sourcecode.swift; path = repairlocateTableViewCell.swift; sourceTree = "<group>"; };
		393B7C2227EC57E400A13C6A /* repairlocateTableViewCell.xib */ = {isa = PBXFileReference; lastKnownFileType = file.xib; path = repairlocateTableViewCell.xib; sourceTree = "<group>"; };
		394DDC362807A036004F56B3 /* OilMonthTotalTableViewCell.swift */ = {isa = PBXFileReference; lastKnownFileType = sourcecode.swift; path = OilMonthTotalTableViewCell.swift; sourceTree = "<group>"; };
		394DDC372807A036004F56B3 /* OilMonthTotalTableViewCell.xib */ = {isa = PBXFileReference; lastKnownFileType = file.xib; path = OilMonthTotalTableViewCell.xib; sourceTree = "<group>"; };
		3952411427FD4AE000E3D6DC /* CalendarsViewController.swift */ = {isa = PBXFileReference; lastKnownFileType = sourcecode.swift; path = CalendarsViewController.swift; sourceTree = "<group>"; };
		398561C827F6B162007A4745 /* ImageCollectionViewCell.swift */ = {isa = PBXFileReference; lastKnownFileType = sourcecode.swift; path = ImageCollectionViewCell.swift; sourceTree = "<group>"; };
		398561C927F6B162007A4745 /* ImageCollectionViewCell.xib */ = {isa = PBXFileReference; lastKnownFileType = file.xib; path = ImageCollectionViewCell.xib; sourceTree = "<group>"; };
		398561CC27F6B609007A4745 /* TableViewCellModel.swift */ = {isa = PBXFileReference; lastKnownFileType = sourcecode.swift; path = TableViewCellModel.swift; sourceTree = "<group>"; };
		3986B37827EAAE8700591148 /* RepairSelfTableViewCell.swift */ = {isa = PBXFileReference; lastKnownFileType = sourcecode.swift; path = RepairSelfTableViewCell.swift; sourceTree = "<group>"; };
		3986B37927EAAE8700591148 /* RepairSelfTableViewCell.xib */ = {isa = PBXFileReference; lastKnownFileType = file.xib; path = RepairSelfTableViewCell.xib; sourceTree = "<group>"; };
		3986B37C27EAB81500591148 /* RepairViewController.swift */ = {isa = PBXFileReference; lastKnownFileType = sourcecode.swift; path = RepairViewController.swift; sourceTree = "<group>"; };
		3987678528069B1A00262FD5 /* TotalViewController.swift */ = {isa = PBXFileReference; lastKnownFileType = sourcecode.swift; path = TotalViewController.swift; sourceTree = "<group>"; };
		398767872806B95300262FD5 /* TotalTableViewCell.swift */ = {isa = PBXFileReference; lastKnownFileType = sourcecode.swift; path = TotalTableViewCell.swift; sourceTree = "<group>"; };
		398767882806B95300262FD5 /* TotalTableViewCell.xib */ = {isa = PBXFileReference; lastKnownFileType = file.xib; path = TotalTableViewCell.xib; sourceTree = "<group>"; };
		3988AE3627D5C99F00DC82EC /* pagetest.app */ = {isa = PBXFileReference; explicitFileType = wrapper.application; includeInIndex = 0; path = pagetest.app; sourceTree = BUILT_PRODUCTS_DIR; };
		3988AE3927D5C99F00DC82EC /* AppDelegate.swift */ = {isa = PBXFileReference; lastKnownFileType = sourcecode.swift; path = AppDelegate.swift; sourceTree = "<group>"; };
		3988AE3D27D5C99F00DC82EC /* CarBudgetViewController.swift */ = {isa = PBXFileReference; lastKnownFileType = sourcecode.swift; path = CarBudgetViewController.swift; sourceTree = "<group>"; };
		3988AE4027D5C99F00DC82EC /* Base */ = {isa = PBXFileReference; lastKnownFileType = file.storyboard; name = Base; path = Base.lproj/Main.storyboard; sourceTree = "<group>"; };
		3988AE4227D5C9A000DC82EC /* Assets.xcassets */ = {isa = PBXFileReference; lastKnownFileType = folder.assetcatalog; path = Assets.xcassets; sourceTree = "<group>"; };
		3988AE4527D5C9A000DC82EC /* Base */ = {isa = PBXFileReference; lastKnownFileType = file.storyboard; name = Base; path = Base.lproj/LaunchScreen.storyboard; sourceTree = "<group>"; };
		3988AE4727D5C9A000DC82EC /* Info.plist */ = {isa = PBXFileReference; lastKnownFileType = text.plist.xml; path = Info.plist; sourceTree = "<group>"; };
		39B048BA27E852D700C2E86E /* RepairAddTableViewCell.swift */ = {isa = PBXFileReference; lastKnownFileType = sourcecode.swift; path = RepairAddTableViewCell.swift; sourceTree = "<group>"; };
		39B048BB27E852D700C2E86E /* RepairAddTableViewCell.xib */ = {isa = PBXFileReference; lastKnownFileType = file.xib; path = RepairAddTableViewCell.xib; sourceTree = "<group>"; };
		39B92E6A27FD6BA600BAE1D1 /* CalendarCell.swift */ = {isa = PBXFileReference; lastKnownFileType = sourcecode.swift; path = CalendarCell.swift; sourceTree = "<group>"; };
		39BD212D27F2F8B100EFAD29 /* OilEditsViewController.swift */ = {isa = PBXFileReference; lastKnownFileType = sourcecode.swift; path = OilEditsViewController.swift; sourceTree = "<group>"; };
		39D63DBD27F14F7900FCC34E /* repairsTableViewCell.swift */ = {isa = PBXFileReference; lastKnownFileType = sourcecode.swift; path = repairsTableViewCell.swift; sourceTree = "<group>"; };
		39D63DBE27F14F7900FCC34E /* repairsTableViewCell.xib */ = {isa = PBXFileReference; lastKnownFileType = file.xib; path = repairsTableViewCell.xib; sourceTree = "<group>"; };
		39D7F746284F31750099B07F /* SearchViewController.swift */ = {isa = PBXFileReference; lastKnownFileType = sourcecode.swift; path = SearchViewController.swift; sourceTree = "<group>"; };
		39EAE2BB280E9BEC001ADA46 /* repairItemsTableViewCell.swift */ = {isa = PBXFileReference; lastKnownFileType = sourcecode.swift; path = repairItemsTableViewCell.swift; sourceTree = "<group>"; };
		39EB0B05280FE72C00EB9B5C /* Manager_DB.swift */ = {isa = PBXFileReference; lastKnownFileType = sourcecode.swift; path = Manager_DB.swift; sourceTree = "<group>"; };
		39EB0B07280FF1B100EB9B5C /* CARBOOK_DAO.swift */ = {isa = PBXFileReference; lastKnownFileType = sourcecode.swift; path = CARBOOK_DAO.swift; sourceTree = "<group>"; };
		8ECC9369ED53EF31C8556612 /* Pods-pagetest.release.xcconfig */ = {isa = PBXFileReference; includeInIndex = 1; lastKnownFileType = text.xcconfig; name = "Pods-pagetest.release.xcconfig"; path = "Target Support Files/Pods-pagetest/Pods-pagetest.release.xcconfig"; sourceTree = "<group>"; };
		9C6DDD24CE0D142E4B198B82 /* Pods_pagetest.framework */ = {isa = PBXFileReference; explicitFileType = wrapper.framework; includeInIndex = 0; path = Pods_pagetest.framework; sourceTree = BUILT_PRODUCTS_DIR; };
		C577F27C694F24683887019C /* Pods-pagetest.debug.xcconfig */ = {isa = PBXFileReference; includeInIndex = 1; lastKnownFileType = text.xcconfig; name = "Pods-pagetest.debug.xcconfig"; path = "Target Support Files/Pods-pagetest/Pods-pagetest.debug.xcconfig"; sourceTree = "<group>"; };
/* End PBXFileReference section */

/* Begin PBXFrameworksBuildPhase section */
		3988AE3327D5C99F00DC82EC /* Frameworks */ = {
			isa = PBXFrameworksBuildPhase;
			buildActionMask = 2147483647;
			files = (
				1FBAEC668586F9229F127A8C /* Pods_pagetest.framework in Frameworks */,
			);
			runOnlyForDeploymentPostprocessing = 0;
		};
/* End PBXFrameworksBuildPhase section */

/* Begin PBXGroup section */
		12483EC67EE0AD8AC05F9337 /* Pods */ = {
			isa = PBXGroup;
			children = (
				C577F27C694F24683887019C /* Pods-pagetest.debug.xcconfig */,
				8ECC9369ED53EF31C8556612 /* Pods-pagetest.release.xcconfig */,
			);
			path = Pods;
			sourceTree = "<group>";
		};
		3952411227FD3A0700E3D6DC /* Xib */ = {
			isa = PBXGroup;
			children = (
				3952411327FD47FC00E3D6DC /* layout */,
				3921F3D527D6FC9700495259 /* repairTableViewCell.swift */,
				39B048BA27E852D700C2E86E /* RepairAddTableViewCell.swift */,
				3986B37827EAAE8700591148 /* RepairSelfTableViewCell.swift */,
				393B7C2127EC57E400A13C6A /* repairlocateTableViewCell.swift */,
				39D63DBD27F14F7900FCC34E /* repairsTableViewCell.swift */,
				391DBF4F27FE713100FAC250 /* CollectionViewCellModel.swift */,
				398561C827F6B162007A4745 /* ImageCollectionViewCell.swift */,
				398561CC27F6B609007A4745 /* TableViewCellModel.swift */,
				39B92E6A27FD6BA600BAE1D1 /* CalendarCell.swift */,
				39EAE2BB280E9BEC001ADA46 /* repairItemsTableViewCell.swift */,
				390F85E3280FC9BF00E6FD30 /* rePairListTableViewCell.swift */,
				398767872806B95300262FD5 /* TotalTableViewCell.swift */,
				394DDC362807A036004F56B3 /* OilMonthTotalTableViewCell.swift */,
			);
			path = Xib;
			sourceTree = "<group>";
		};
		3952411327FD47FC00E3D6DC /* layout */ = {
			isa = PBXGroup;
			children = (
				398767882806B95300262FD5 /* TotalTableViewCell.xib */,
				394DDC372807A036004F56B3 /* OilMonthTotalTableViewCell.xib */,
				390F85E4280FC9BF00E6FD30 /* rePairListTableViewCell.xib */,
				3921F3D627D6FC9700495259 /* repairTableViewCell.xib */,
				39B048BB27E852D700C2E86E /* RepairAddTableViewCell.xib */,
				3986B37927EAAE8700591148 /* RepairSelfTableViewCell.xib */,
				393B7C2227EC57E400A13C6A /* repairlocateTableViewCell.xib */,
				39D63DBE27F14F7900FCC34E /* repairsTableViewCell.xib */,
				398561C927F6B162007A4745 /* ImageCollectionViewCell.xib */,
			);
			path = layout;
			sourceTree = "<group>";
		};
		3988AE2D27D5C99F00DC82EC = {
			isa = PBXGroup;
			children = (
				3988AE3827D5C99F00DC82EC /* pagetest */,
				3988AE3727D5C99F00DC82EC /* Products */,
				12483EC67EE0AD8AC05F9337 /* Pods */,
				890DA5DF7966F8CCE4D4525B /* Frameworks */,
			);
			sourceTree = "<group>";
		};
		3988AE3727D5C99F00DC82EC /* Products */ = {
			isa = PBXGroup;
			children = (
				3988AE3627D5C99F00DC82EC /* pagetest.app */,
			);
			name = Products;
			sourceTree = "<group>";
		};
		3988AE3827D5C99F00DC82EC /* pagetest */ = {
			isa = PBXGroup;
			children = (
				3952411227FD3A0700E3D6DC /* Xib */,
				3988AE3927D5C99F00DC82EC /* AppDelegate.swift */,
				390B688F285FDB2D009F6D50 /* SceneDelegate.swift */,
				3988AE3D27D5C99F00DC82EC /* CarBudgetViewController.swift */,
				3988AE3F27D5C99F00DC82EC /* Main.storyboard */,
				39D7F746284F31750099B07F /* SearchViewController.swift */,
				3987678528069B1A00262FD5 /* TotalViewController.swift */,
				39EB0B05280FE72C00EB9B5C /* Manager_DB.swift */,
				39EB0B07280FF1B100EB9B5C /* CARBOOK_DAO.swift */,
				3952411427FD4AE000E3D6DC /* CalendarsViewController.swift */,
				39BD212D27F2F8B100EFAD29 /* OilEditsViewController.swift */,
				3986B37C27EAB81500591148 /* RepairViewController.swift */,
				3988AE4227D5C9A000DC82EC /* Assets.xcassets */,
				3988AE4427D5C9A000DC82EC /* LaunchScreen.storyboard */,
				3988AE4727D5C9A000DC82EC /* Info.plist */,
			);
			path = pagetest;
			sourceTree = "<group>";
		};
		890DA5DF7966F8CCE4D4525B /* Frameworks */ = {
			isa = PBXGroup;
			children = (
				9C6DDD24CE0D142E4B198B82 /* Pods_pagetest.framework */,
			);
			name = Frameworks;
			sourceTree = "<group>";
		};
/* End PBXGroup section */

/* Begin PBXNativeTarget section */
		3988AE3527D5C99F00DC82EC /* pagetest */ = {
			isa = PBXNativeTarget;
			buildConfigurationList = 3988AE4A27D5C9A000DC82EC /* Build configuration list for PBXNativeTarget "pagetest" */;
			buildPhases = (
				8C38607D8CD834FB14729798 /* [CP] Check Pods Manifest.lock */,
				3988AE3227D5C99F00DC82EC /* Sources */,
				3988AE3327D5C99F00DC82EC /* Frameworks */,
				3988AE3427D5C99F00DC82EC /* Resources */,
				AD6293728AC820882CBA0BA5 /* [CP] Embed Pods Frameworks */,
			);
			buildRules = (
			);
			dependencies = (
			);
			name = pagetest;
			productName = pagetest;
			productReference = 3988AE3627D5C99F00DC82EC /* pagetest.app */;
			productType = "com.apple.product-type.application";
		};
/* End PBXNativeTarget section */

/* Begin PBXProject section */
		3988AE2E27D5C99F00DC82EC /* Project object */ = {
			isa = PBXProject;
			attributes = {
				BuildIndependentTargetsInParallel = 1;
				LastSwiftUpdateCheck = 1320;
				LastUpgradeCheck = 1320;
				TargetAttributes = {
					3988AE3527D5C99F00DC82EC = {
						CreatedOnToolsVersion = 13.2.1;
					};
				};
			};
			buildConfigurationList = 3988AE3127D5C99F00DC82EC /* Build configuration list for PBXProject "pagetest" */;
			compatibilityVersion = "Xcode 13.0";
			developmentRegion = en;
			hasScannedForEncodings = 0;
			knownRegions = (
				en,
				Base,
			);
			mainGroup = 3988AE2D27D5C99F00DC82EC;
			productRefGroup = 3988AE3727D5C99F00DC82EC /* Products */;
			projectDirPath = "";
			projectRoot = "";
			targets = (
				3988AE3527D5C99F00DC82EC /* pagetest */,
			);
		};
/* End PBXProject section */

/* Begin PBXResourcesBuildPhase section */
		3988AE3427D5C99F00DC82EC /* Resources */ = {
			isa = PBXResourcesBuildPhase;
			buildActionMask = 2147483647;
			files = (
				3988AE4627D5C9A000DC82EC /* LaunchScreen.storyboard in Resources */,
				3988AE4327D5C9A000DC82EC /* Assets.xcassets in Resources */,
				3987678A2806B95300262FD5 /* TotalTableViewCell.xib in Resources */,
				3921F3D827D6FC9700495259 /* repairTableViewCell.xib in Resources */,
				3986B37B27EAAE8700591148 /* RepairSelfTableViewCell.xib in Resources */,
				393B7C2427EC57E400A13C6A /* repairlocateTableViewCell.xib in Resources */,
				398561CB27F6B162007A4745 /* ImageCollectionViewCell.xib in Resources */,
				39D63DC027F14F7900FCC34E /* repairsTableViewCell.xib in Resources */,
				394DDC392807A036004F56B3 /* OilMonthTotalTableViewCell.xib in Resources */,
				39B048BD27E852D700C2E86E /* RepairAddTableViewCell.xib in Resources */,
				390F85E6280FC9BF00E6FD30 /* rePairListTableViewCell.xib in Resources */,
				3988AE4127D5C99F00DC82EC /* Main.storyboard in Resources */,
			);
			runOnlyForDeploymentPostprocessing = 0;
		};
/* End PBXResourcesBuildPhase section */

/* Begin PBXShellScriptBuildPhase section */
		8C38607D8CD834FB14729798 /* [CP] Check Pods Manifest.lock */ = {
			isa = PBXShellScriptBuildPhase;
			buildActionMask = 2147483647;
			files = (
			);
			inputFileListPaths = (
			);
			inputPaths = (
				"${PODS_PODFILE_DIR_PATH}/Podfile.lock",
				"${PODS_ROOT}/Manifest.lock",
			);
			name = "[CP] Check Pods Manifest.lock";
			outputFileListPaths = (
			);
			outputPaths = (
				"$(DERIVED_FILE_DIR)/Pods-pagetest-checkManifestLockResult.txt",
			);
			runOnlyForDeploymentPostprocessing = 0;
			shellPath = /bin/sh;
			shellScript = "diff \"${PODS_PODFILE_DIR_PATH}/Podfile.lock\" \"${PODS_ROOT}/Manifest.lock\" > /dev/null\nif [ $? != 0 ] ; then\n    # print error to STDERR\n    echo \"error: The sandbox is not in sync with the Podfile.lock. Run 'pod install' or update your CocoaPods installation.\" >&2\n    exit 1\nfi\n# This output is used by Xcode 'outputs' to avoid re-running this script phase.\necho \"SUCCESS\" > \"${SCRIPT_OUTPUT_FILE_0}\"\n";
			showEnvVarsInLog = 0;
		};
		AD6293728AC820882CBA0BA5 /* [CP] Embed Pods Frameworks */ = {
			isa = PBXShellScriptBuildPhase;
			buildActionMask = 2147483647;
			files = (
			);
			inputFileListPaths = (
				"${PODS_ROOT}/Target Support Files/Pods-pagetest/Pods-pagetest-frameworks-${CONFIGURATION}-input-files.xcfilelist",
			);
			name = "[CP] Embed Pods Frameworks";
			outputFileListPaths = (
				"${PODS_ROOT}/Target Support Files/Pods-pagetest/Pods-pagetest-frameworks-${CONFIGURATION}-output-files.xcfilelist",
			);
			runOnlyForDeploymentPostprocessing = 0;
			shellPath = /bin/sh;
			shellScript = "\"${PODS_ROOT}/Target Support Files/Pods-pagetest/Pods-pagetest-frameworks.sh\"\n";
			showEnvVarsInLog = 0;
		};
/* End PBXShellScriptBuildPhase section */

/* Begin PBXSourcesBuildPhase section */
		3988AE3227D5C99F00DC82EC /* Sources */ = {
			isa = PBXSourcesBuildPhase;
			buildActionMask = 2147483647;
			files = (
				39D7F747284F31750099B07F /* SearchViewController.swift in Sources */,
				39B92E6B27FD6BA600BAE1D1 /* CalendarCell.swift in Sources */,
				398767892806B95300262FD5 /* TotalTableViewCell.swift in Sources */,
				394DDC382807A036004F56B3 /* OilMonthTotalTableViewCell.swift in Sources */,
				3921F3D727D6FC9700495259 /* repairTableViewCell.swift in Sources */,
				391DBF5027FE713100FAC250 /* CollectionViewCellModel.swift in Sources */,
				3988AE3E27D5C99F00DC82EC /* CarBudgetViewController.swift in Sources */,
				398561CD27F6B609007A4745 /* TableViewCellModel.swift in Sources */,
				3986B37D27EAB81500591148 /* RepairViewController.swift in Sources */,
				3952411527FD4AE000E3D6DC /* CalendarsViewController.swift in Sources */,
				3988AE3A27D5C99F00DC82EC /* AppDelegate.swift in Sources */,
				3987678628069B1A00262FD5 /* TotalViewController.swift in Sources */,
				39EAE2BD280E9BEC001ADA46 /* repairItemsTableViewCell.swift in Sources */,
				3986B37A27EAAE8700591148 /* RepairSelfTableViewCell.swift in Sources */,
				39EB0B06280FE72C00EB9B5C /* Manager_DB.swift in Sources */,
				393B7C2327EC57E400A13C6A /* repairlocateTableViewCell.swift in Sources */,
				39EB0B08280FF1B100EB9B5C /* CARBOOK_DAO.swift in Sources */,
				390F85E5280FC9BF00E6FD30 /* rePairListTableViewCell.swift in Sources */,
				39BD212E27F2F8B200EFAD29 /* OilEditsViewController.swift in Sources */,
				390B6890285FDB2D009F6D50 /* SceneDelegate.swift in Sources */,
				39B048BC27E852D700C2E86E /* RepairAddTableViewCell.swift in Sources */,
				39D63DBF27F14F7900FCC34E /* repairsTableViewCell.swift in Sources */,
				398561CA27F6B162007A4745 /* ImageCollectionViewCell.swift in Sources */,
			);
			runOnlyForDeploymentPostprocessing = 0;
		};
/* End PBXSourcesBuildPhase section */

/* Begin PBXVariantGroup section */
		3988AE3F27D5C99F00DC82EC /* Main.storyboard */ = {
			isa = PBXVariantGroup;
			children = (
				3988AE4027D5C99F00DC82EC /* Base */,
			);
			name = Main.storyboard;
			sourceTree = "<group>";
		};
		3988AE4427D5C9A000DC82EC /* LaunchScreen.storyboard */ = {
			isa = PBXVariantGroup;
			children = (
				3988AE4527D5C9A000DC82EC /* Base */,
			);
			name = LaunchScreen.storyboard;
			sourceTree = "<group>";
		};
/* End PBXVariantGroup section */

/* Begin XCBuildConfiguration section */
		3988AE4827D5C9A000DC82EC /* Debug */ = {
			isa = XCBuildConfiguration;
			buildSettings = {
				ALWAYS_SEARCH_USER_PATHS = NO;
				CLANG_ANALYZER_NONNULL = YES;
				CLANG_ANALYZER_NUMBER_OBJECT_CONVERSION = YES_AGGRESSIVE;
				CLANG_CXX_LANGUAGE_STANDARD = "gnu++17";
				CLANG_CXX_LIBRARY = "libc++";
				CLANG_ENABLE_MODULES = YES;
				CLANG_ENABLE_OBJC_ARC = YES;
				CLANG_ENABLE_OBJC_WEAK = YES;
				CLANG_WARN_BLOCK_CAPTURE_AUTORELEASING = YES;
				CLANG_WARN_BOOL_CONVERSION = YES;
				CLANG_WARN_COMMA = YES;
				CLANG_WARN_CONSTANT_CONVERSION = YES;
				CLANG_WARN_DEPRECATED_OBJC_IMPLEMENTATIONS = YES;
				CLANG_WARN_DIRECT_OBJC_ISA_USAGE = YES_ERROR;
				CLANG_WARN_DOCUMENTATION_COMMENTS = YES;
				CLANG_WARN_EMPTY_BODY = YES;
				CLANG_WARN_ENUM_CONVERSION = YES;
				CLANG_WARN_INFINITE_RECURSION = YES;
				CLANG_WARN_INT_CONVERSION = YES;
				CLANG_WARN_NON_LITERAL_NULL_CONVERSION = YES;
				CLANG_WARN_OBJC_IMPLICIT_RETAIN_SELF = YES;
				CLANG_WARN_OBJC_LITERAL_CONVERSION = YES;
				CLANG_WARN_OBJC_ROOT_CLASS = YES_ERROR;
				CLANG_WARN_QUOTED_INCLUDE_IN_FRAMEWORK_HEADER = YES;
				CLANG_WARN_RANGE_LOOP_ANALYSIS = YES;
				CLANG_WARN_STRICT_PROTOTYPES = YES;
				CLANG_WARN_SUSPICIOUS_MOVE = YES;
				CLANG_WARN_UNGUARDED_AVAILABILITY = YES_AGGRESSIVE;
				CLANG_WARN_UNREACHABLE_CODE = YES;
				CLANG_WARN__DUPLICATE_METHOD_MATCH = YES;
				COPY_PHASE_STRIP = NO;
				DEBUG_INFORMATION_FORMAT = dwarf;
				ENABLE_STRICT_OBJC_MSGSEND = YES;
				ENABLE_TESTABILITY = YES;
				GCC_C_LANGUAGE_STANDARD = gnu11;
				GCC_DYNAMIC_NO_PIC = NO;
				GCC_NO_COMMON_BLOCKS = YES;
				GCC_OPTIMIZATION_LEVEL = 0;
				GCC_PREPROCESSOR_DEFINITIONS = (
					"DEBUG=1",
					"$(inherited)",
				);
				GCC_WARN_64_TO_32_BIT_CONVERSION = YES;
				GCC_WARN_ABOUT_RETURN_TYPE = YES_ERROR;
				GCC_WARN_UNDECLARED_SELECTOR = YES;
				GCC_WARN_UNINITIALIZED_AUTOS = YES_AGGRESSIVE;
				GCC_WARN_UNUSED_FUNCTION = YES;
				GCC_WARN_UNUSED_VARIABLE = YES;
				IPHONEOS_DEPLOYMENT_TARGET = 15.2;
				MTL_ENABLE_DEBUG_INFO = INCLUDE_SOURCE;
				MTL_FAST_MATH = YES;
				ONLY_ACTIVE_ARCH = YES;
				SDKROOT = iphoneos;
				SWIFT_ACTIVE_COMPILATION_CONDITIONS = DEBUG;
				SWIFT_OPTIMIZATION_LEVEL = "-Onone";
			};
			name = Debug;
		};
		3988AE4927D5C9A000DC82EC /* Release */ = {
			isa = XCBuildConfiguration;
			buildSettings = {
				ALWAYS_SEARCH_USER_PATHS = NO;
				CLANG_ANALYZER_NONNULL = YES;
				CLANG_ANALYZER_NUMBER_OBJECT_CONVERSION = YES_AGGRESSIVE;
				CLANG_CXX_LANGUAGE_STANDARD = "gnu++17";
				CLANG_CXX_LIBRARY = "libc++";
				CLANG_ENABLE_MODULES = YES;
				CLANG_ENABLE_OBJC_ARC = YES;
				CLANG_ENABLE_OBJC_WEAK = YES;
				CLANG_WARN_BLOCK_CAPTURE_AUTORELEASING = YES;
				CLANG_WARN_BOOL_CONVERSION = YES;
				CLANG_WARN_COMMA = YES;
				CLANG_WARN_CONSTANT_CONVERSION = YES;
				CLANG_WARN_DEPRECATED_OBJC_IMPLEMENTATIONS = YES;
				CLANG_WARN_DIRECT_OBJC_ISA_USAGE = YES_ERROR;
				CLANG_WARN_DOCUMENTATION_COMMENTS = YES;
				CLANG_WARN_EMPTY_BODY = YES;
				CLANG_WARN_ENUM_CONVERSION = YES;
				CLANG_WARN_INFINITE_RECURSION = YES;
				CLANG_WARN_INT_CONVERSION = YES;
				CLANG_WARN_NON_LITERAL_NULL_CONVERSION = YES;
				CLANG_WARN_OBJC_IMPLICIT_RETAIN_SELF = YES;
				CLANG_WARN_OBJC_LITERAL_CONVERSION = YES;
				CLANG_WARN_OBJC_ROOT_CLASS = YES_ERROR;
				CLANG_WARN_QUOTED_INCLUDE_IN_FRAMEWORK_HEADER = YES;
				CLANG_WARN_RANGE_LOOP_ANALYSIS = YES;
				CLANG_WARN_STRICT_PROTOTYPES = YES;
				CLANG_WARN_SUSPICIOUS_MOVE = YES;
				CLANG_WARN_UNGUARDED_AVAILABILITY = YES_AGGRESSIVE;
				CLANG_WARN_UNREACHABLE_CODE = YES;
				CLANG_WARN__DUPLICATE_METHOD_MATCH = YES;
				COPY_PHASE_STRIP = NO;
				DEBUG_INFORMATION_FORMAT = "dwarf-with-dsym";
				ENABLE_NS_ASSERTIONS = NO;
				ENABLE_STRICT_OBJC_MSGSEND = YES;
				GCC_C_LANGUAGE_STANDARD = gnu11;
				GCC_NO_COMMON_BLOCKS = YES;
				GCC_WARN_64_TO_32_BIT_CONVERSION = YES;
				GCC_WARN_ABOUT_RETURN_TYPE = YES_ERROR;
				GCC_WARN_UNDECLARED_SELECTOR = YES;
				GCC_WARN_UNINITIALIZED_AUTOS = YES_AGGRESSIVE;
				GCC_WARN_UNUSED_FUNCTION = YES;
				GCC_WARN_UNUSED_VARIABLE = YES;
				IPHONEOS_DEPLOYMENT_TARGET = 15.2;
				MTL_ENABLE_DEBUG_INFO = NO;
				MTL_FAST_MATH = YES;
				SDKROOT = iphoneos;
				SWIFT_COMPILATION_MODE = wholemodule;
				SWIFT_OPTIMIZATION_LEVEL = "-O";
				VALIDATE_PRODUCT = YES;
			};
			name = Release;
		};
		3988AE4B27D5C9A000DC82EC /* Debug */ = {
			isa = XCBuildConfiguration;
			baseConfigurationReference = C577F27C694F24683887019C /* Pods-pagetest.debug.xcconfig */;
			buildSettings = {
				ASSETCATALOG_COMPILER_APPICON_NAME = AppIcon;
				ASSETCATALOG_COMPILER_GLOBAL_ACCENT_COLOR_NAME = AccentColor;
				CODE_SIGN_STYLE = Automatic;
				CURRENT_PROJECT_VERSION = 1;
				DEVELOPMENT_TEAM = AK4498TLP2;
				GENERATE_INFOPLIST_FILE = YES;
				INFOPLIST_FILE = pagetest/Info.plist;
				INFOPLIST_KEY_UIApplicationSupportsIndirectInputEvents = YES;
				INFOPLIST_KEY_UILaunchStoryboardName = LaunchScreen;
				INFOPLIST_KEY_UIMainStoryboardFile = Main;
				INFOPLIST_KEY_UISupportedInterfaceOrientations_iPad = "UIInterfaceOrientationPortrait UIInterfaceOrientationPortraitUpsideDown UIInterfaceOrientationLandscapeLeft UIInterfaceOrientationLandscapeRight";
				INFOPLIST_KEY_UISupportedInterfaceOrientations_iPhone = "UIInterfaceOrientationPortrait UIInterfaceOrientationLandscapeLeft UIInterfaceOrientationLandscapeRight";
				LD_RUNPATH_SEARCH_PATHS = (
					"$(inherited)",
					"@executable_path/Frameworks",
				);
				MARKETING_VERSION = 1.0;
				PRODUCT_BUNDLE_IDENTIFIER = min.pagetest;
				PRODUCT_NAME = "$(TARGET_NAME)";
				SWIFT_EMIT_LOC_STRINGS = YES;
				SWIFT_VERSION = 5.0;
				TARGETED_DEVICE_FAMILY = "1,2";
			};
			name = Debug;
		};
		3988AE4C27D5C9A000DC82EC /* Release */ = {
			isa = XCBuildConfiguration;
			baseConfigurationReference = 8ECC9369ED53EF31C8556612 /* Pods-pagetest.release.xcconfig */;
			buildSettings = {
				ASSETCATALOG_COMPILER_APPICON_NAME = AppIcon;
				ASSETCATALOG_COMPILER_GLOBAL_ACCENT_COLOR_NAME = AccentColor;
				CODE_SIGN_STYLE = Automatic;
				CURRENT_PROJECT_VERSION = 1;
				DEVELOPMENT_TEAM = AK4498TLP2;
				GENERATE_INFOPLIST_FILE = YES;
				INFOPLIST_FILE = pagetest/Info.plist;
				INFOPLIST_KEY_UIApplicationSupportsIndirectInputEvents = YES;
				INFOPLIST_KEY_UILaunchStoryboardName = LaunchScreen;
				INFOPLIST_KEY_UIMainStoryboardFile = Main;
				INFOPLIST_KEY_UISupportedInterfaceOrientations_iPad = "UIInterfaceOrientationPortrait UIInterfaceOrientationPortraitUpsideDown UIInterfaceOrientationLandscapeLeft UIInterfaceOrientationLandscapeRight";
				INFOPLIST_KEY_UISupportedInterfaceOrientations_iPhone = "UIInterfaceOrientationPortrait UIInterfaceOrientationLandscapeLeft UIInterfaceOrientationLandscapeRight";
				LD_RUNPATH_SEARCH_PATHS = (
					"$(inherited)",
					"@executable_path/Frameworks",
				);
				MARKETING_VERSION = 1.0;
				PRODUCT_BUNDLE_IDENTIFIER = min.pagetest;
				PRODUCT_NAME = "$(TARGET_NAME)";
				SWIFT_EMIT_LOC_STRINGS = YES;
				SWIFT_VERSION = 5.0;
				TARGETED_DEVICE_FAMILY = "1,2";
			};
			name = Release;
		};
/* End XCBuildConfiguration section */

/* Begin XCConfigurationList section */
		3988AE3127D5C99F00DC82EC /* Build configuration list for PBXProject "pagetest" */ = {
			isa = XCConfigurationList;
			buildConfigurations = (
				3988AE4827D5C9A000DC82EC /* Debug */,
				3988AE4927D5C9A000DC82EC /* Release */,
			);
			defaultConfigurationIsVisible = 0;
			defaultConfigurationName = Release;
		};
		3988AE4A27D5C9A000DC82EC /* Build configuration list for PBXNativeTarget "pagetest" */ = {
			isa = XCConfigurationList;
			buildConfigurations = (
				3988AE4B27D5C9A000DC82EC /* Debug */,
				3988AE4C27D5C9A000DC82EC /* Release */,
			);
			defaultConfigurationIsVisible = 0;
			defaultConfigurationName = Release;
		};
/* End XCConfigurationList section */
	};
	rootObject = 3988AE2E27D5C99F00DC82EC /* Project object */;
}
